
Microsoft Visual Studio Solution File, Format Version 12.00
# Visual Studio Version 17
VisualStudioVersion = 17.2.32526.322
MinimumVisualStudioVersion = 10.0.40219.1
Project("{FAE04EC0-301F-11D3-BF4B-00C04F79EFBC}") = "PPA Integrador", "PPA Integrador.csproj", "{AADB9825-1FB2-49CE-B364-2F0B2CE8921E}"
EndProject
Global
	GlobalSection(SolutionConfigurationPlatforms) = preSolution
		Debug|Any CPU = Debug|Any CPU
		Release|Any CPU = Release|Any CPU
	EndGlobalSection
	GlobalSection(ProjectConfigurationPlatforms) = postSolution
		{AADB9825-1FB2-49CE-B364-2F0B2CE8921E}.Debug|Any CPU.ActiveCfg = Debug|Any CPU
		{AADB9825-1FB2-49CE-B364-2F0B2CE8921E}.Debug|Any CPU.Build.0 = Debug|Any CPU
		{AADB9825-1FB2-49CE-B364-2F0B2CE8921E}.Release|Any CPU.ActiveCfg = Release|Any CPU
		{AADB9825-1FB2-49CE-B364-2F0B2CE8921E}.Release|Any CPU.Build.0 = Release|Any CPU
	EndGlobalSection
	GlobalSection(SolutionProperties) = preSolution
		HideSolutionNode = FALSE
	EndGlobalSection
	GlobalSection(ExtensibilityGlobals) = postSolution
		SolutionGuid = {B3CE3706-F3B8-4D64-B5CC-EF09239D4FEC}
	EndGlobalSection
EndGlobal
